<Solution>
	<Folder Name="/Solution Items/">
		<File Path="../.editorconfig" />
		<File Path="../Directory.Packages.props" />
		<File Path="../global.json" />
		<File Path="../nuget.config" />
		<File Path="../package.json" />
		<File Path="Directory.Build.props" />
		<File Path="Directory.Build.targets" />
	</Folder>
	<Folder Name="/src/">
		<Project Path="src/SourceGeneratorFramework.Analyzers/SourceGeneratorFramework.Analyzers.csproj" />
		<Project
			Path="src/SourceGeneratorFramework.CodeFixers/SourceGeneratorFramework.CodeFixers.csproj"
			Id="0911f5c7-139e-4ddc-9918-d4826fe0c20c"
		/>
		<Project Path="src/SourceGeneratorFramework.Generators/SourceGeneratorFramework.Generators.csproj" />
		<Project Path="src/SourceGeneratorFramework/SourceGeneratorFramework.csproj" />
	</Folder>
	<Folder Name="/src/examples/">
		<Project Path="src/SourceGeneratorFramework.ExampleGenerator.CodeFixers/SourceGeneratorFramework.ExampleGenerator.CodeFixers.csproj" />
		<Project Path="src/SourceGeneratorFramework.ExampleGenerator/SourceGeneratorFramework.ExampleGenerator.csproj" />
	</Folder>
	<Folder Name="/src/test-projects/">
		<Project Path="src/SourceGeneratorFramework.Benchmarks/SourceGeneratorFramework.Benchmarks.csproj" />
		<Project Path="src/SourceGeneratorFramework.Testing.TUnit/SourceGeneratorFramework.Testing.TUnit.csproj" />
		<Project Path="src/SourceGeneratorFramework.Testing/SourceGeneratorFramework.Testing.csproj" />
	</Folder>
	<Folder Name="/src/tools/">
		<Project Path="src/SourceGeneratorFramework.MergeTool/SourceGeneratorFramework.MergeTool.csproj" />
	</Folder>
	<Folder Name="/tests/">
		<Project Path="tests/SharedTestingInfra/SharedTestingInfra.csproj" Id="9ffd38cd-d83d-4ebf-830f-1302054c6ddb" />
		<Project Path="tests/SourceGeneratorFramework.Analyzers.UnitTests/SourceGeneratorFramework.Analyzers.UnitTests.csproj" />
		<Project
			Path="tests/SourceGeneratorFramework.CodeFixers.UnitTests/SourceGeneratorFramework.CodeFixers.UnitTests.csproj"
			Id="006ab41c-5588-49d6-8d3f-5b14ae3e6396"
		/>
		<Project Path="tests/SourceGeneratorFramework.Generators.UnitTests/SourceGeneratorFramework.Generators.UnitTests.csproj" />
		<Project Path="tests/SourceGeneratorFramework.MergeTool.UnitTests/SourceGeneratorFramework.MergeTool.UnitTests.csproj" />
		<Project Path="tests/SourceGeneratorFramework.UnitTests/SourceGeneratorFramework.UnitTests.csproj" />
		<Project Path="tests/SourceGeneratorShared.UnitTests/SourceGeneratorShared.UnitTests.csproj" />
	</Folder>
	<Folder Name="/tests/examples/">
		<Project Path="tests/SourceGeneratorFramework.ExampleGenerator.CodeFixers.UnitTests/SourceGeneratorFramework.ExampleGenerator.CodeFixers.UnitTests.csproj" />
		<Project Path="tests/SourceGeneratorFramework.ExampleGenerator.UnitTests/SourceGeneratorFramework.ExampleGenerator.UnitTests.csproj" />
	</Folder>
</Solution>
